
Microsoft Visual Studio Solution File, Format Version 12.00
# Visual Studio Version 16
VisualStudioVersion = 16.0.29613.14
MinimumVisualStudioVersion = 10.0.40219.1
Project("{FAE04EC0-301F-11D3-BF4B-00C04F79EFBC}") = "100 divide 3", "100 divide 3\100 divide 3.csproj", "{A600A961-4EA1-4CD5-A7FC-52D8749F9514}"
EndProject
Global
	GlobalSection(SolutionConfigurationPlatforms) = preSolution
		Debug|Any CPU = Debug|Any CPU
		Release|Any CPU = Release|Any CPU
	EndGlobalSection
	GlobalSection(ProjectConfigurationPlatforms) = postSolution
		{A600A961-4EA1-4CD5-A7FC-52D8749F9514}.Debug|Any CPU.ActiveCfg = Debug|Any CPU
		{A600A961-4EA1-4CD5-A7FC-52D8749F9514}.Debug|Any CPU.Build.0 = Debug|Any CPU
		{A600A961-4EA1-4CD5-A7FC-52D8749F9514}.Release|Any CPU.ActiveCfg = Release|Any CPU
		{A600A961-4EA1-4CD5-A7FC-52D8749F9514}.Release|Any CPU.Build.0 = Release|Any CPU
	EndGlobalSection
	GlobalSection(SolutionProperties) = preSolution
		HideSolutionNode = FALSE
	EndGlobalSection
	GlobalSection(ExtensibilityGlobals) = postSolution
		SolutionGuid = {49050AA9-2945-4A3A-8CCB-EC5D621540D0}
	EndGlobalSection
EndGlobal
