
Microsoft Visual Studio Solution File, Format Version 12.00
# Visual Studio Version 16
VisualStudioVersion = 16.0.29613.14
MinimumVisualStudioVersion = 10.0.40219.1
Project("{00D1A9C2-B5F0-4AF3-8072-F6C62B433612}") = "SqlProject", "SqlProject\SqlProject.sqlproj", "{9BAC3172-9A6C-433E-9447-D571CBDEB750}"
EndProject
Global
	GlobalSection(SolutionConfigurationPlatforms) = preSolution
		Debug|Any CPU = Debug|Any CPU
		Release|Any CPU = Release|Any CPU
	EndGlobalSection
	GlobalSection(ProjectConfigurationPlatforms) = postSolution
		{9BAC3172-9A6C-433E-9447-D571CBDEB750}.Debug|Any CPU.ActiveCfg = Debug|Any CPU
		{9BAC3172-9A6C-433E-9447-D571CBDEB750}.Debug|Any CPU.Build.0 = Debug|Any CPU
		{9BAC3172-9A6C-433E-9447-D571CBDEB750}.Debug|Any CPU.Deploy.0 = Debug|Any CPU
		{9BAC3172-9A6C-433E-9447-D571CBDEB750}.Release|Any CPU.ActiveCfg = Release|Any CPU
		{9BAC3172-9A6C-433E-9447-D571CBDEB750}.Release|Any CPU.Build.0 = Release|Any CPU
		{9BAC3172-9A6C-433E-9447-D571CBDEB750}.Release|Any CPU.Deploy.0 = Release|Any CPU
	EndGlobalSection
	GlobalSection(SolutionProperties) = preSolution
		HideSolutionNode = FALSE
	EndGlobalSection
	GlobalSection(ExtensibilityGlobals) = postSolution
		SolutionGuid = {D0022E0D-AAC3-41FC-8052-9599502532FF}
	EndGlobalSection
EndGlobal
