
Microsoft Visual Studio Solution File, Format Version 12.00
# Visual Studio Version 16
VisualStudioVersion = 16.0.29613.14
MinimumVisualStudioVersion = 10.0.40219.1
Project("{FAE04EC0-301F-11D3-BF4B-00C04F79EFBC}") = "More if statments", "More if statments\More if statments.csproj", "{067BA265-5DB0-4D95-979D-8F64B9A10601}"
EndProject
Global
	GlobalSection(SolutionConfigurationPlatforms) = preSolution
		Debug|Any CPU = Debug|Any CPU
		Release|Any CPU = Release|Any CPU
	EndGlobalSection
	GlobalSection(ProjectConfigurationPlatforms) = postSolution
		{067BA265-5DB0-4D95-979D-8F64B9A10601}.Debug|Any CPU.ActiveCfg = Debug|Any CPU
		{067BA265-5DB0-4D95-979D-8F64B9A10601}.Debug|Any CPU.Build.0 = Debug|Any CPU
		{067BA265-5DB0-4D95-979D-8F64B9A10601}.Release|Any CPU.ActiveCfg = Release|Any CPU
		{067BA265-5DB0-4D95-979D-8F64B9A10601}.Release|Any CPU.Build.0 = Release|Any CPU
	EndGlobalSection
	GlobalSection(SolutionProperties) = preSolution
		HideSolutionNode = FALSE
	EndGlobalSection
	GlobalSection(ExtensibilityGlobals) = postSolution
		SolutionGuid = {2DBC8738-76B2-43AD-8922-A12D17409184}
	EndGlobalSection
EndGlobal
