
Microsoft Visual Studio Solution File, Format Version 12.00
# Visual Studio Version 16
VisualStudioVersion = 16.0.29613.14
MinimumVisualStudioVersion = 10.0.40219.1
Project("{FAE04EC0-301F-11D3-BF4B-00C04F79EFBC}") = "facebook friends", "facebook friends\facebook friends.csproj", "{4F2A8ECA-892B-485C-8ABD-A423E34AF629}"
EndProject
Global
	GlobalSection(SolutionConfigurationPlatforms) = preSolution
		Debug|Any CPU = Debug|Any CPU
		Release|Any CPU = Release|Any CPU
	EndGlobalSection
	GlobalSection(ProjectConfigurationPlatforms) = postSolution
		{4F2A8ECA-892B-485C-8ABD-A423E34AF629}.Debug|Any CPU.ActiveCfg = Debug|Any CPU
		{4F2A8ECA-892B-485C-8ABD-A423E34AF629}.Debug|Any CPU.Build.0 = Debug|Any CPU
		{4F2A8ECA-892B-485C-8ABD-A423E34AF629}.Release|Any CPU.ActiveCfg = Release|Any CPU
		{4F2A8ECA-892B-485C-8ABD-A423E34AF629}.Release|Any CPU.Build.0 = Release|Any CPU
	EndGlobalSection
	GlobalSection(SolutionProperties) = preSolution
		HideSolutionNode = FALSE
	EndGlobalSection
	GlobalSection(ExtensibilityGlobals) = postSolution
		SolutionGuid = {3904059E-2E33-4548-93E7-5556032C1CA2}
	EndGlobalSection
EndGlobal
