
Microsoft Visual Studio Solution File, Format Version 12.00
# Visual Studio Version 16
VisualStudioVersion = 16.0.29613.14
MinimumVisualStudioVersion = 10.0.40219.1
Project("{FAE04EC0-301F-11D3-BF4B-00C04F79EFBC}") = "Random class", "Random class\Random class.csproj", "{C752B4CF-A929-41C5-9874-2E1351F469F9}"
EndProject
Global
	GlobalSection(SolutionConfigurationPlatforms) = preSolution
		Debug|Any CPU = Debug|Any CPU
		Release|Any CPU = Release|Any CPU
	EndGlobalSection
	GlobalSection(ProjectConfigurationPlatforms) = postSolution
		{C752B4CF-A929-41C5-9874-2E1351F469F9}.Debug|Any CPU.ActiveCfg = Debug|Any CPU
		{C752B4CF-A929-41C5-9874-2E1351F469F9}.Debug|Any CPU.Build.0 = Debug|Any CPU
		{C752B4CF-A929-41C5-9874-2E1351F469F9}.Release|Any CPU.ActiveCfg = Release|Any CPU
		{C752B4CF-A929-41C5-9874-2E1351F469F9}.Release|Any CPU.Build.0 = Release|Any CPU
	EndGlobalSection
	GlobalSection(SolutionProperties) = preSolution
		HideSolutionNode = FALSE
	EndGlobalSection
	GlobalSection(ExtensibilityGlobals) = postSolution
		SolutionGuid = {3182FEC6-5CE8-40CE-9B84-F72D65D8A59C}
	EndGlobalSection
EndGlobal
