
Microsoft Visual Studio Solution File, Format Version 12.00
# Visual Studio Version 16
VisualStudioVersion = 16.0.29613.14
MinimumVisualStudioVersion = 10.0.40219.1
Project("{FAE04EC0-301F-11D3-BF4B-00C04F79EFBC}") = "More arrays", "More arrays\More arrays.csproj", "{316B3E94-B7A2-40A3-AD70-BB88843BFAAF}"
EndProject
Global
	GlobalSection(SolutionConfigurationPlatforms) = preSolution
		Debug|Any CPU = Debug|Any CPU
		Release|Any CPU = Release|Any CPU
	EndGlobalSection
	GlobalSection(ProjectConfigurationPlatforms) = postSolution
		{316B3E94-B7A2-40A3-AD70-BB88843BFAAF}.Debug|Any CPU.ActiveCfg = Debug|Any CPU
		{316B3E94-B7A2-40A3-AD70-BB88843BFAAF}.Debug|Any CPU.Build.0 = Debug|Any CPU
		{316B3E94-B7A2-40A3-AD70-BB88843BFAAF}.Release|Any CPU.ActiveCfg = Release|Any CPU
		{316B3E94-B7A2-40A3-AD70-BB88843BFAAF}.Release|Any CPU.Build.0 = Release|Any CPU
	EndGlobalSection
	GlobalSection(SolutionProperties) = preSolution
		HideSolutionNode = FALSE
	EndGlobalSection
	GlobalSection(ExtensibilityGlobals) = postSolution
		SolutionGuid = {23F1B5C1-1111-459E-AF0A-8878D8F371BC}
	EndGlobalSection
EndGlobal
