
Microsoft Visual Studio Solution File, Format Version 12.00
# Visual Studio Version 16
VisualStudioVersion = 16.0.29613.14
MinimumVisualStudioVersion = 10.0.40219.1
Project("{FAE04EC0-301F-11D3-BF4B-00C04F79EFBC}") = "Classes folders", "Classes folders\Classes folders.csproj", "{62ED081C-0AA1-4211-B8F0-837FDA3AD837}"
EndProject
Global
	GlobalSection(SolutionConfigurationPlatforms) = preSolution
		Debug|Any CPU = Debug|Any CPU
		Release|Any CPU = Release|Any CPU
	EndGlobalSection
	GlobalSection(ProjectConfigurationPlatforms) = postSolution
		{62ED081C-0AA1-4211-B8F0-837FDA3AD837}.Debug|Any CPU.ActiveCfg = Debug|Any CPU
		{62ED081C-0AA1-4211-B8F0-837FDA3AD837}.Debug|Any CPU.Build.0 = Debug|Any CPU
		{62ED081C-0AA1-4211-B8F0-837FDA3AD837}.Release|Any CPU.ActiveCfg = Release|Any CPU
		{62ED081C-0AA1-4211-B8F0-837FDA3AD837}.Release|Any CPU.Build.0 = Release|Any CPU
	EndGlobalSection
	GlobalSection(SolutionProperties) = preSolution
		HideSolutionNode = FALSE
	EndGlobalSection
	GlobalSection(ExtensibilityGlobals) = postSolution
		SolutionGuid = {F4700817-F238-48CD-8325-0868C121884D}
	EndGlobalSection
EndGlobal
