
Microsoft Visual Studio Solution File, Format Version 12.00
# Visual Studio Version 16
VisualStudioVersion = 16.0.29613.14
MinimumVisualStudioVersion = 10.0.40219.1
Project("{FAE04EC0-301F-11D3-BF4B-00C04F79EFBC}") = "Inheritance", "Inheritance\Inheritance.csproj", "{1D222FD8-A453-42AE-B5E0-CC4B3BC72055}"
EndProject
Global
	GlobalSection(SolutionConfigurationPlatforms) = preSolution
		Debug|Any CPU = Debug|Any CPU
		Release|Any CPU = Release|Any CPU
	EndGlobalSection
	GlobalSection(ProjectConfigurationPlatforms) = postSolution
		{1D222FD8-A453-42AE-B5E0-CC4B3BC72055}.Debug|Any CPU.ActiveCfg = Debug|Any CPU
		{1D222FD8-A453-42AE-B5E0-CC4B3BC72055}.Debug|Any CPU.Build.0 = Debug|Any CPU
		{1D222FD8-A453-42AE-B5E0-CC4B3BC72055}.Release|Any CPU.ActiveCfg = Release|Any CPU
		{1D222FD8-A453-42AE-B5E0-CC4B3BC72055}.Release|Any CPU.Build.0 = Release|Any CPU
	EndGlobalSection
	GlobalSection(SolutionProperties) = preSolution
		HideSolutionNode = FALSE
	EndGlobalSection
	GlobalSection(ExtensibilityGlobals) = postSolution
		SolutionGuid = {7848F5B2-20C7-4F4F-928F-182C6619A731}
	EndGlobalSection
EndGlobal
